// !$*UTF8*$!
{
	archiveVersion = 1;
	classes = {
	};
	objectVersion = 46;
	objects = {

/* Begin PBXBuildFile section */
		72BED5891BDD5C75008C185B /* Assets.xcassets in Resources */ = {isa = PBXBuildFile; fileRef = 72BED5881BDD5C75008C185B /* Assets.xcassets */; };
		72BED5971BDD5C75008C185B /* remind_me_appTests.swift in Sources */ = {isa = PBXBuildFile; fileRef = 72BED5961BDD5C75008C185B /* remind_me_appTests.swift */; };
		72BED5A21BDD5C76008C185B /* remind_me_appUITests.swift in Sources */ = {isa = PBXBuildFile; fileRef = 72BED5A11BDD5C76008C185B /* remind_me_appUITests.swift */; };
		72BED5B51BDD647D008C185B /* TyphoonDefinitionExtension.swift in Sources */ = {isa = PBXBuildFile; fileRef = 72BED5B41BDD647D008C185B /* TyphoonDefinitionExtension.swift */; };
		72BED5B71BDD64A7008C185B /* ApplicationAssembly.swift in Sources */ = {isa = PBXBuildFile; fileRef = 72BED5B61BDD64A7008C185B /* ApplicationAssembly.swift */; };
		72BED5B91BDD64EE008C185B /* ViewControllerAssembly.swift in Sources */ = {isa = PBXBuildFile; fileRef = 72BED5B81BDD64EE008C185B /* ViewControllerAssembly.swift */; };
		72BED5BD1BDD720E008C185B /* CALayerExtension.swift in Sources */ = {isa = PBXBuildFile; fileRef = 72BED5BC1BDD720E008C185B /* CALayerExtension.swift */; };
		7DEB4114000D7FCFC1CCBF9F /* libPods.a in Frameworks */ = {isa = PBXBuildFile; fileRef = F4380BD849F8512C9C7DE7EE /* libPods.a */; };
		EE266235C36E7A2E7619AB56 /* LoginViewController.swift in Sources */ = {isa = PBXBuildFile; fileRef = EE2660EE1114206935029112 /* LoginViewController.swift */; };
		EE26662E8F6323B3515DFD7B /* Main.storyboard in Resources */ = {isa = PBXBuildFile; fileRef = EE2661A1FE73F74FCE15A01A /* Main.storyboard */; };
		EE26671F0CF64E7DE4619697 /* AppDelegate.swift in Sources */ = {isa = PBXBuildFile; fileRef = EE26625225DC65D5BAE6C735 /* AppDelegate.swift */; };
		EE266D896E25FC5F2E34FD59 /* LaunchScreen.storyboard in Resources */ = {isa = PBXBuildFile; fileRef = EE266836E8F54F5515708BCA /* LaunchScreen.storyboard */; };
/* End PBXBuildFile section */

/* Begin PBXContainerItemProxy section */
		72BED5931BDD5C75008C185B /* PBXContainerItemProxy */ = {
			isa = PBXContainerItemProxy;
			containerPortal = 72BED5761BDD5C75008C185B /* Project object */;
			proxyType = 1;
			remoteGlobalIDString = 72BED57D1BDD5C75008C185B;
			remoteInfo = "remind-me-app";
		};
		72BED59E1BDD5C76008C185B /* PBXContainerItemProxy */ = {
			isa = PBXContainerItemProxy;
			containerPortal = 72BED5761BDD5C75008C185B /* Project object */;
			proxyType = 1;
			remoteGlobalIDString = 72BED57D1BDD5C75008C185B;
			remoteInfo = "remind-me-app";
		};
/* End PBXContainerItemProxy section */

/* Begin PBXFileReference section */
		0075400197A16FAC270FDB58 /* Pods.release.xcconfig */ = {isa = PBXFileReference; includeInIndex = 1; lastKnownFileType = text.xcconfig; name = Pods.release.xcconfig; path = "Pods/Target Support Files/Pods/Pods.release.xcconfig"; sourceTree = "<group>"; };
		72BED57E1BDD5C75008C185B /* remind-me-app.app */ = {isa = PBXFileReference; explicitFileType = wrapper.application; includeInIndex = 0; path = "remind-me-app.app"; sourceTree = BUILT_PRODUCTS_DIR; };
		72BED5881BDD5C75008C185B /* Assets.xcassets */ = {isa = PBXFileReference; lastKnownFileType = folder.assetcatalog; path = Assets.xcassets; sourceTree = "<group>"; };
		72BED5921BDD5C75008C185B /* remind-me-appTests.xctest */ = {isa = PBXFileReference; explicitFileType = wrapper.cfbundle; includeInIndex = 0; path = "remind-me-appTests.xctest"; sourceTree = BUILT_PRODUCTS_DIR; };
		72BED5961BDD5C75008C185B /* remind_me_appTests.swift */ = {isa = PBXFileReference; lastKnownFileType = sourcecode.swift; path = remind_me_appTests.swift; sourceTree = "<group>"; };
		72BED5981BDD5C75008C185B /* Info.plist */ = {isa = PBXFileReference; lastKnownFileType = text.plist.xml; path = Info.plist; sourceTree = "<group>"; };
		72BED59D1BDD5C76008C185B /* remind-me-appUITests.xctest */ = {isa = PBXFileReference; explicitFileType = wrapper.cfbundle; includeInIndex = 0; path = "remind-me-appUITests.xctest"; sourceTree = BUILT_PRODUCTS_DIR; };
		72BED5A11BDD5C76008C185B /* remind_me_appUITests.swift */ = {isa = PBXFileReference; lastKnownFileType = sourcecode.swift; path = remind_me_appUITests.swift; sourceTree = "<group>"; };
		72BED5A31BDD5C76008C185B /* Info.plist */ = {isa = PBXFileReference; lastKnownFileType = text.plist.xml; path = Info.plist; sourceTree = "<group>"; };
		72BED5B41BDD647D008C185B /* TyphoonDefinitionExtension.swift */ = {isa = PBXFileReference; fileEncoding = 4; lastKnownFileType = sourcecode.swift; path = TyphoonDefinitionExtension.swift; sourceTree = "<group>"; };
		72BED5B61BDD64A7008C185B /* ApplicationAssembly.swift */ = {isa = PBXFileReference; fileEncoding = 4; lastKnownFileType = sourcecode.swift; path = ApplicationAssembly.swift; sourceTree = "<group>"; };
		72BED5B81BDD64EE008C185B /* ViewControllerAssembly.swift */ = {isa = PBXFileReference; fileEncoding = 4; lastKnownFileType = sourcecode.swift; path = ViewControllerAssembly.swift; sourceTree = "<group>"; };
		72BED5BC1BDD720E008C185B /* CALayerExtension.swift */ = {isa = PBXFileReference; fileEncoding = 4; lastKnownFileType = sourcecode.swift; path = CALayerExtension.swift; sourceTree = "<group>"; };
		B69D3475C674B77FA7FDB7A3 /* Pods.debug.xcconfig */ = {isa = PBXFileReference; includeInIndex = 1; lastKnownFileType = text.xcconfig; name = Pods.debug.xcconfig; path = "Pods/Target Support Files/Pods/Pods.debug.xcconfig"; sourceTree = "<group>"; };
		EE2660EE1114206935029112 /* LoginViewController.swift */ = {isa = PBXFileReference; fileEncoding = 4; lastKnownFileType = sourcecode.swift; path = LoginViewController.swift; sourceTree = "<group>"; };
		EE2661C1D9D5AC3D7D8711F9 /* remind-me-app-Bridging-Header.h */ = {isa = PBXFileReference; fileEncoding = 4; lastKnownFileType = sourcecode.c.h; path = "remind-me-app-Bridging-Header.h"; sourceTree = "<group>"; };
		EE26625225DC65D5BAE6C735 /* AppDelegate.swift */ = {isa = PBXFileReference; fileEncoding = 4; lastKnownFileType = sourcecode.swift; path = AppDelegate.swift; sourceTree = "<group>"; };
		EE2664BFCEA1F7CEB9C6703F /* Base */ = {isa = PBXFileReference; lastKnownFileType = file.storyboard; name = Base; path = "remind-me-app/Base.lproj/Main.storyboard"; sourceTree = SOURCE_ROOT; };
		EE26657920D6976242027662 /* Base */ = {isa = PBXFileReference; lastKnownFileType = file.storyboard; name = Base; path = "remind-me-app/Base.lproj/LaunchScreen.storyboard"; sourceTree = SOURCE_ROOT; };
		EE2667DFB15025E0F5EAF930 /* Info.plist */ = {isa = PBXFileReference; fileEncoding = 4; lastKnownFileType = text.plist.info; path = Info.plist; sourceTree = "<group>"; };
		F4380BD849F8512C9C7DE7EE /* libPods.a */ = {isa = PBXFileReference; explicitFileType = archive.ar; includeInIndex = 0; path = libPods.a; sourceTree = BUILT_PRODUCTS_DIR; };
/* End PBXFileReference section */

/* Begin PBXFrameworksBuildPhase section */
		72BED57B1BDD5C75008C185B /* Frameworks */ = {
			isa = PBXFrameworksBuildPhase;
			buildActionMask = 2147483647;
			files = (
				7DEB4114000D7FCFC1CCBF9F /* libPods.a in Frameworks */,
			);
			runOnlyForDeploymentPostprocessing = 0;
		};
		72BED58F1BDD5C75008C185B /* Frameworks */ = {
			isa = PBXFrameworksBuildPhase;
			buildActionMask = 2147483647;
			files = (
			);
			runOnlyForDeploymentPostprocessing = 0;
		};
		72BED59A1BDD5C76008C185B /* Frameworks */ = {
			isa = PBXFrameworksBuildPhase;
			buildActionMask = 2147483647;
			files = (
			);
			runOnlyForDeploymentPostprocessing = 0;
		};
/* End PBXFrameworksBuildPhase section */

/* Begin PBXGroup section */
		72BED5751BDD5C75008C185B = {
			isa = PBXGroup;
			children = (
				72BED5801BDD5C75008C185B /* remind-me-app */,
				72BED5951BDD5C75008C185B /* remind-me-appTests */,
				72BED5A01BDD5C76008C185B /* remind-me-appUITests */,
				72BED57F1BDD5C75008C185B /* Products */,
				953992E9C2DEB1876DB3EE00 /* Pods */,
				DB36CCA850F64133D1BEC450 /* Frameworks */,
			);
			sourceTree = "<group>";
		};
		72BED57F1BDD5C75008C185B /* Products */ = {
			isa = PBXGroup;
			children = (
				72BED57E1BDD5C75008C185B /* remind-me-app.app */,
				72BED5921BDD5C75008C185B /* remind-me-appTests.xctest */,
				72BED59D1BDD5C76008C185B /* remind-me-appUITests.xctest */,
			);
			name = Products;
			sourceTree = "<group>";
		};
		72BED5801BDD5C75008C185B /* remind-me-app */ = {
			isa = PBXGroup;
			children = (
				72BED5881BDD5C75008C185B /* Assets.xcassets */,
				EE266809B21A94EEB206381C /* Typhoon */,
				EE266CD2F8A107FDB92B4E0C /* Supporting Files */,
				EE266C4E5D4503A3254B8DC3 /* Views */,
				EE266B2714FEB88E4147985A /* Login */,
				72BED5BC1BDD720E008C185B /* CALayerExtension.swift */,
			);
			path = "remind-me-app";
			sourceTree = "<group>";
		};
		72BED5951BDD5C75008C185B /* remind-me-appTests */ = {
			isa = PBXGroup;
			children = (
				72BED5961BDD5C75008C185B /* remind_me_appTests.swift */,
				72BED5981BDD5C75008C185B /* Info.plist */,
			);
			path = "remind-me-appTests";
			sourceTree = "<group>";
		};
		72BED5A01BDD5C76008C185B /* remind-me-appUITests */ = {
			isa = PBXGroup;
			children = (
				72BED5A11BDD5C76008C185B /* remind_me_appUITests.swift */,
				72BED5A31BDD5C76008C185B /* Info.plist */,
			);
			path = "remind-me-appUITests";
			sourceTree = "<group>";
		};
		953992E9C2DEB1876DB3EE00 /* Pods */ = {
			isa = PBXGroup;
			children = (
				B69D3475C674B77FA7FDB7A3 /* Pods.debug.xcconfig */,
				0075400197A16FAC270FDB58 /* Pods.release.xcconfig */,
			);
			name = Pods;
			sourceTree = "<group>";
		};
		DB36CCA850F64133D1BEC450 /* Frameworks */ = {
			isa = PBXGroup;
			children = (
				F4380BD849F8512C9C7DE7EE /* libPods.a */,
			);
			name = Frameworks;
			sourceTree = "<group>";
		};
		EE266809B21A94EEB206381C /* Typhoon */ = {
			isa = PBXGroup;
			children = (
				72BED5B41BDD647D008C185B /* TyphoonDefinitionExtension.swift */,
				72BED5B61BDD64A7008C185B /* ApplicationAssembly.swift */,
				72BED5B81BDD64EE008C185B /* ViewControllerAssembly.swift */,
			);
			path = Typhoon;
			sourceTree = "<group>";
		};
		EE266B2714FEB88E4147985A /* Login */ = {
			isa = PBXGroup;
			children = (
				EE2660EE1114206935029112 /* LoginViewController.swift */,
			);
			path = Login;
			sourceTree = "<group>";
		};
		EE266C4E5D4503A3254B8DC3 /* Views */ = {
			isa = PBXGroup;
			children = (
				EE2661A1FE73F74FCE15A01A /* Main.storyboard */,
				EE266836E8F54F5515708BCA /* LaunchScreen.storyboard */,
			);
			path = Views;
			sourceTree = "<group>";
		};
		EE266CD2F8A107FDB92B4E0C /* Supporting Files */ = {
			isa = PBXGroup;
			children = (
				EE26625225DC65D5BAE6C735 /* AppDelegate.swift */,
				EE2667DFB15025E0F5EAF930 /* Info.plist */,
				EE2661C1D9D5AC3D7D8711F9 /* remind-me-app-Bridging-Header.h */,
			);
			path = "Supporting Files";
			sourceTree = "<group>";
		};
/* End PBXGroup section */

/* Begin PBXNativeTarget section */
		72BED57D1BDD5C75008C185B /* remind-me-app */ = {
			isa = PBXNativeTarget;
			buildConfigurationList = 72BED5A61BDD5C76008C185B /* Build configuration list for PBXNativeTarget "remind-me-app" */;
			buildPhases = (
				6A41E63EF6A25A0233E20D18 /* Check Pods Manifest.lock */,
				72BED57A1BDD5C75008C185B /* Sources */,
				72BED57B1BDD5C75008C185B /* Frameworks */,
				72BED57C1BDD5C75008C185B /* Resources */,
				BDA09BBD4DAF223E457AA151 /* Embed Pods Frameworks */,
				07C7E4A41E641E73678A38CF /* Copy Pods Resources */,
			);
			buildRules = (
			);
			dependencies = (
			);
			name = "remind-me-app";
			productName = "remind-me-app";
			productReference = 72BED57E1BDD5C75008C185B /* remind-me-app.app */;
			productType = "com.apple.product-type.application";
		};
		72BED5911BDD5C75008C185B /* remind-me-appTests */ = {
			isa = PBXNativeTarget;
			buildConfigurationList = 72BED5A91BDD5C76008C185B /* Build configuration list for PBXNativeTarget "remind-me-appTests" */;
			buildPhases = (
				72BED58E1BDD5C75008C185B /* Sources */,
				72BED58F1BDD5C75008C185B /* Frameworks */,
				72BED5901BDD5C75008C185B /* Resources */,
			);
			buildRules = (
			);
			dependencies = (
				72BED5941BDD5C75008C185B /* PBXTargetDependency */,
			);
			name = "remind-me-appTests";
			productName = "remind-me-appTests";
			productReference = 72BED5921BDD5C75008C185B /* remind-me-appTests.xctest */;
			productType = "com.apple.product-type.bundle.unit-test";
		};
		72BED59C1BDD5C76008C185B /* remind-me-appUITests */ = {
			isa = PBXNativeTarget;
			buildConfigurationList = 72BED5AC1BDD5C76008C185B /* Build configuration list for PBXNativeTarget "remind-me-appUITests" */;
			buildPhases = (
				72BED5991BDD5C76008C185B /* Sources */,
				72BED59A1BDD5C76008C185B /* Frameworks */,
				72BED59B1BDD5C76008C185B /* Resources */,
			);
			buildRules = (
			);
			dependencies = (
				72BED59F1BDD5C76008C185B /* PBXTargetDependency */,
			);
			name = "remind-me-appUITests";
			productName = "remind-me-appUITests";
			productReference = 72BED59D1BDD5C76008C185B /* remind-me-appUITests.xctest */;
			productType = "com.apple.product-type.bundle.ui-testing";
		};
/* End PBXNativeTarget section */

/* Begin PBXProject section */
		72BED5761BDD5C75008C185B /* Project object */ = {
			isa = PBXProject;
			attributes = {
				LastSwiftUpdateCheck = 0710;
				LastUpgradeCheck = 0710;
				ORGANIZATIONNAME = AgnieszkaSzczurek;
				TargetAttributes = {
					72BED57D1BDD5C75008C185B = {
						CreatedOnToolsVersion = 7.1;
					};
					72BED5911BDD5C75008C185B = {
						CreatedOnToolsVersion = 7.1;
						TestTargetID = 72BED57D1BDD5C75008C185B;
					};
					72BED59C1BDD5C76008C185B = {
						CreatedOnToolsVersion = 7.1;
						TestTargetID = 72BED57D1BDD5C75008C185B;
					};
				};
			};
			buildConfigurationList = 72BED5791BDD5C75008C185B /* Build configuration list for PBXProject "remind-me-app" */;
			compatibilityVersion = "Xcode 3.2";
			developmentRegion = English;
			hasScannedForEncodings = 0;
			knownRegions = (
				en,
				Base,
			);
			mainGroup = 72BED5751BDD5C75008C185B;
			productRefGroup = 72BED57F1BDD5C75008C185B /* Products */;
			projectDirPath = "";
			projectRoot = "";
			targets = (
				72BED57D1BDD5C75008C185B /* remind-me-app */,
				72BED5911BDD5C75008C185B /* remind-me-appTests */,
				72BED59C1BDD5C76008C185B /* remind-me-appUITests */,
			);
		};
/* End PBXProject section */

/* Begin PBXResourcesBuildPhase section */
		72BED57C1BDD5C75008C185B /* Resources */ = {
			isa = PBXResourcesBuildPhase;
			buildActionMask = 2147483647;
			files = (
				72BED5891BDD5C75008C185B /* Assets.xcassets in Resources */,
				EE26662E8F6323B3515DFD7B /* Main.storyboard in Resources */,
				EE266D896E25FC5F2E34FD59 /* LaunchScreen.storyboard in Resources */,
			);
			runOnlyForDeploymentPostprocessing = 0;
		};
		72BED5901BDD5C75008C185B /* Resources */ = {
			isa = PBXResourcesBuildPhase;
			buildActionMask = 2147483647;
			files = (
			);
			runOnlyForDeploymentPostprocessing = 0;
		};
		72BED59B1BDD5C76008C185B /* Resources */ = {
			isa = PBXResourcesBuildPhase;
			buildActionMask = 2147483647;
			files = (
			);
			runOnlyForDeploymentPostprocessing = 0;
		};
/* End PBXResourcesBuildPhase section */

/* Begin PBXShellScriptBuildPhase section */
		07C7E4A41E641E73678A38CF /* Copy Pods Resources */ = {
			isa = PBXShellScriptBuildPhase;
			buildActionMask = 2147483647;
			files = (
			);
			inputPaths = (
			);
			name = "Copy Pods Resources";
			outputPaths = (
			);
			runOnlyForDeploymentPostprocessing = 0;
			shellPath = /bin/sh;
			shellScript = "\"${SRCROOT}/Pods/Target Support Files/Pods/Pods-resources.sh\"\n";
			showEnvVarsInLog = 0;
		};
		6A41E63EF6A25A0233E20D18 /* Check Pods Manifest.lock */ = {
			isa = PBXShellScriptBuildPhase;
			buildActionMask = 2147483647;
			files = (
			);
			inputPaths = (
			);
			name = "Check Pods Manifest.lock";
			outputPaths = (
			);
			runOnlyForDeploymentPostprocessing = 0;
			shellPath = /bin/sh;
			shellScript = "diff \"${PODS_ROOT}/../Podfile.lock\" \"${PODS_ROOT}/Manifest.lock\" > /dev/null\nif [[ $? != 0 ]] ; then\n    cat << EOM\nerror: The sandbox is not in sync with the Podfile.lock. Run 'pod install' or update your CocoaPods installation.\nEOM\n    exit 1\nfi\n";
			showEnvVarsInLog = 0;
		};
		BDA09BBD4DAF223E457AA151 /* Embed Pods Frameworks */ = {
			isa = PBXShellScriptBuildPhase;
			buildActionMask = 2147483647;
			files = (
			);
			inputPaths = (
			);
			name = "Embed Pods Frameworks";
			outputPaths = (
			);
			runOnlyForDeploymentPostprocessing = 0;
			shellPath = /bin/sh;
			shellScript = "\"${SRCROOT}/Pods/Target Support Files/Pods/Pods-frameworks.sh\"\n";
			showEnvVarsInLog = 0;
		};
/* End PBXShellScriptBuildPhase section */

/* Begin PBXSourcesBuildPhase section */
		72BED57A1BDD5C75008C185B /* Sources */ = {
			isa = PBXSourcesBuildPhase;
			buildActionMask = 2147483647;
			files = (
				72BED5B71BDD64A7008C185B /* ApplicationAssembly.swift in Sources */,
				72BED5B51BDD647D008C185B /* TyphoonDefinitionExtension.swift in Sources */,
				EE26671F0CF64E7DE4619697 /* AppDelegate.swift in Sources */,
				72BED5BD1BDD720E008C185B /* CALayerExtension.swift in Sources */,
				72BED5B91BDD64EE008C185B /* ViewControllerAssembly.swift in Sources */,
				EE266235C36E7A2E7619AB56 /* LoginViewController.swift in Sources */,
			);
			runOnlyForDeploymentPostprocessing = 0;
		};
		72BED58E1BDD5C75008C185B /* Sources */ = {
			isa = PBXSourcesBuildPhase;
			buildActionMask = 2147483647;
			files = (
				72BED5971BDD5C75008C185B /* remind_me_appTests.swift in Sources */,
			);
			runOnlyForDeploymentPostprocessing = 0;
		};
		72BED5991BDD5C76008C185B /* Sources */ = {
			isa = PBXSourcesBuildPhase;
			buildActionMask = 2147483647;
			files = (
				72BED5A21BDD5C76008C185B /* remind_me_appUITests.swift in Sources */,
			);
			runOnlyForDeploymentPostprocessing = 0;
		};
/* End PBXSourcesBuildPhase section */

/* Begin PBXTargetDependency section */
		72BED5941BDD5C75008C185B /* PBXTargetDependency */ = {
			isa = PBXTargetDependency;
			target = 72BED57D1BDD5C75008C185B /* remind-me-app */;
			targetProxy = 72BED5931BDD5C75008C185B /* PBXContainerItemProxy */;
		};
		72BED59F1BDD5C76008C185B /* PBXTargetDependency */ = {
			isa = PBXTargetDependency;
			target = 72BED57D1BDD5C75008C185B /* remind-me-app */;
			targetProxy = 72BED59E1BDD5C76008C185B /* PBXContainerItemProxy */;
		};
/* End PBXTargetDependency section */

/* Begin PBXVariantGroup section */
		EE2661A1FE73F74FCE15A01A /* Main.storyboard */ = {
			isa = PBXVariantGroup;
			children = (
				EE2664BFCEA1F7CEB9C6703F /* Base */,
			);
			name = Main.storyboard;
			sourceTree = "<group>";
		};
		EE266836E8F54F5515708BCA /* LaunchScreen.storyboard */ = {
			isa = PBXVariantGroup;
			children = (
				EE26657920D6976242027662 /* Base */,
			);
			name = LaunchScreen.storyboard;
			sourceTree = "<group>";
		};
/* End PBXVariantGroup section */

/* Begin XCBuildConfiguration section */
		72BED5A41BDD5C76008C185B /* Debug */ = {
			isa = XCBuildConfiguration;
			buildSettings = {
				ALWAYS_SEARCH_USER_PATHS = NO;
				CLANG_CXX_LANGUAGE_STANDARD = "gnu++0x";
				CLANG_CXX_LIBRARY = "libc++";
				CLANG_ENABLE_MODULES = YES;
				CLANG_ENABLE_OBJC_ARC = YES;
				CLANG_WARN_BOOL_CONVERSION = YES;
				CLANG_WARN_CONSTANT_CONVERSION = YES;
				CLANG_WARN_DIRECT_OBJC_ISA_USAGE = YES_ERROR;
				CLANG_WARN_EMPTY_BODY = YES;
				CLANG_WARN_ENUM_CONVERSION = YES;
				CLANG_WARN_INT_CONVERSION = YES;
				CLANG_WARN_OBJC_ROOT_CLASS = YES_ERROR;
				CLANG_WARN_UNREACHABLE_CODE = YES;
				CLANG_WARN__DUPLICATE_METHOD_MATCH = YES;
				"CODE_SIGN_IDENTITY[sdk=iphoneos*]" = "iPhone Developer";
				COPY_PHASE_STRIP = NO;
				DEBUG_INFORMATION_FORMAT = dwarf;
				ENABLE_STRICT_OBJC_MSGSEND = YES;
				ENABLE_TESTABILITY = YES;
				GCC_C_LANGUAGE_STANDARD = gnu99;
				GCC_DYNAMIC_NO_PIC = NO;
				GCC_NO_COMMON_BLOCKS = YES;
				GCC_OPTIMIZATION_LEVEL = 0;
				GCC_PREPROCESSOR_DEFINITIONS = (
					"DEBUG=1",
					"$(inherited)",
				);
				GCC_WARN_64_TO_32_BIT_CONVERSION = YES;
				GCC_WARN_ABOUT_RETURN_TYPE = YES_ERROR;
				GCC_WARN_UNDECLARED_SELECTOR = YES;
				GCC_WARN_UNINITIALIZED_AUTOS = YES_AGGRESSIVE;
				GCC_WARN_UNUSED_FUNCTION = YES;
				GCC_WARN_UNUSED_VARIABLE = YES;
				IPHONEOS_DEPLOYMENT_TARGET = 9.0;
				MTL_ENABLE_DEBUG_INFO = YES;
				ONLY_ACTIVE_ARCH = YES;
				SDKROOT = iphoneos;
				SWIFT_OPTIMIZATION_LEVEL = "-Onone";
			};
			name = Debug;
		};
		72BED5A51BDD5C76008C185B /* Release */ = {
			isa = XCBuildConfiguration;
			buildSettings = {
				ALWAYS_SEARCH_USER_PATHS = NO;
				CLANG_CXX_LANGUAGE_STANDARD = "gnu++0x";
				CLANG_CXX_LIBRARY = "libc++";
				CLANG_ENABLE_MODULES = YES;
				CLANG_ENABLE_OBJC_ARC = YES;
				CLANG_WARN_BOOL_CONVERSION = YES;
				CLANG_WARN_CONSTANT_CONVERSION = YES;
				CLANG_WARN_DIRECT_OBJC_ISA_USAGE = YES_ERROR;
				CLANG_WARN_EMPTY_BODY = YES;
				CLANG_WARN_ENUM_CONVERSION = YES;
				CLANG_WARN_INT_CONVERSION = YES;
				CLANG_WARN_OBJC_ROOT_CLASS = YES_ERROR;
				CLANG_WARN_UNREACHABLE_CODE = YES;
				CLANG_WARN__DUPLICATE_METHOD_MATCH = YES;
				"CODE_SIGN_IDENTITY[sdk=iphoneos*]" = "iPhone Developer";
				COPY_PHASE_STRIP = NO;
				DEBUG_INFORMATION_FORMAT = "dwarf-with-dsym";
				ENABLE_NS_ASSERTIONS = NO;
				ENABLE_STRICT_OBJC_MSGSEND = YES;
				GCC_C_LANGUAGE_STANDARD = gnu99;
				GCC_NO_COMMON_BLOCKS = YES;
				GCC_WARN_64_TO_32_BIT_CONVERSION = YES;
				GCC_WARN_ABOUT_RETURN_TYPE = YES_ERROR;
				GCC_WARN_UNDECLARED_SELECTOR = YES;
				GCC_WARN_UNINITIALIZED_AUTOS = YES_AGGRESSIVE;
				GCC_WARN_UNUSED_FUNCTION = YES;
				GCC_WARN_UNUSED_VARIABLE = YES;
				IPHONEOS_DEPLOYMENT_TARGET = 9.0;
				MTL_ENABLE_DEBUG_INFO = NO;
				SDKROOT = iphoneos;
				VALIDATE_PRODUCT = YES;
			};
			name = Release;
		};
		72BED5A71BDD5C76008C185B /* Debug */ = {
			isa = XCBuildConfiguration;
			baseConfigurationReference = B69D3475C674B77FA7FDB7A3 /* Pods.debug.xcconfig */;
			buildSettings = {
				ASSETCATALOG_COMPILER_APPICON_NAME = AppIcon;
				CODE_SIGN_IDENTITY = "iPhone Developer";
				INFOPLIST_FILE = "$(SRCROOT)/remind-me-app/Supporting Files/Info.plist";
				IPHONEOS_DEPLOYMENT_TARGET = 9.0;
				LD_RUNPATH_SEARCH_PATHS = "$(inherited) @executable_path/Frameworks";
				PRODUCT_BUNDLE_IDENTIFIER = "AGH.remind-me-app";
				PRODUCT_NAME = "$(TARGET_NAME)";
				SWIFT_OBJC_BRIDGING_HEADER = "remind-me-app/Supporting Files/remind-me-app-Bridging-Header.h";
			};
			name = Debug;
		};
		72BED5A81BDD5C76008C185B /* Release */ = {
			isa = XCBuildConfiguration;
			baseConfigurationReference = 0075400197A16FAC270FDB58 /* Pods.release.xcconfig */;
			buildSettings = {
				ASSETCATALOG_COMPILER_APPICON_NAME = AppIcon;
				CODE_SIGN_IDENTITY = "iPhone Developer";
				INFOPLIST_FILE = "$(SRCROOT)/remind-me-app/Supporting Files/Info.plist";
				IPHONEOS_DEPLOYMENT_TARGET = 9.0;
				LD_RUNPATH_SEARCH_PATHS = "$(inherited) @executable_path/Frameworks";
				PRODUCT_BUNDLE_IDENTIFIER = "AGH.remind-me-app";
				PRODUCT_NAME = "$(TARGET_NAME)";
				SWIFT_OBJC_BRIDGING_HEADER = "remind-me-app/Supporting Files/remind-me-app-Bridging-Header.h";
			};
			name = Release;
		};
		72BED5AA1BDD5C76008C185B /* Debug */ = {
			isa = XCBuildConfiguration;
			buildSettings = {
				BUNDLE_LOADER = "$(TEST_HOST)";
				INFOPLIST_FILE = "remind-me-appTests/Info.plist";
				LD_RUNPATH_SEARCH_PATHS = "$(inherited) @executable_path/Frameworks @loader_path/Frameworks";
				PRODUCT_BUNDLE_IDENTIFIER = "AGH.remind-me-appTests";
				PRODUCT_NAME = "$(TARGET_NAME)";
				TEST_HOST = "$(BUILT_PRODUCTS_DIR)/remind-me-app.app/remind-me-app";
			};
			name = Debug;
		};
		72BED5AB1BDD5C76008C185B /* Release */ = {
			isa = XCBuildConfiguration;
			buildSettings = {
				BUNDLE_LOADER = "$(TEST_HOST)";
				INFOPLIST_FILE = "remind-me-appTests/Info.plist";
				LD_RUNPATH_SEARCH_PATHS = "$(inherited) @executable_path/Frameworks @loader_path/Frameworks";
				PRODUCT_BUNDLE_IDENTIFIER = "AGH.remind-me-appTests";
				PRODUCT_NAME = "$(TARGET_NAME)";
				TEST_HOST = "$(BUILT_PRODUCTS_DIR)/remind-me-app.app/remind-me-app";
			};
			name = Release;
		};
		72BED5AD1BDD5C76008C185B /* Debug */ = {
			isa = XCBuildConfiguration;
			buildSettings = {
				INFOPLIST_FILE = "remind-me-appUITests/Info.plist";
				LD_RUNPATH_SEARCH_PATHS = "$(inherited) @executable_path/Frameworks @loader_path/Frameworks";
				PRODUCT_BUNDLE_IDENTIFIER = "AGH.remind-me-appUITests";
				PRODUCT_NAME = "$(TARGET_NAME)";
				TEST_TARGET_NAME = "remind-me-app";
				USES_XCTRUNNER = YES;
			};
			name = Debug;
		};
		72BED5AE1BDD5C76008C185B /* Release */ = {
			isa = XCBuildConfiguration;
			buildSettings = {
				INFOPLIST_FILE = "remind-me-appUITests/Info.plist";
				LD_RUNPATH_SEARCH_PATHS = "$(inherited) @executable_path/Frameworks @loader_path/Frameworks";
				PRODUCT_BUNDLE_IDENTIFIER = "AGH.remind-me-appUITests";
				PRODUCT_NAME = "$(TARGET_NAME)";
				TEST_TARGET_NAME = "remind-me-app";
				USES_XCTRUNNER = YES;
			};
			name = Release;
		};
/* End XCBuildConfiguration section */

/* Begin XCConfigurationList section */
		72BED5791BDD5C75008C185B /* Build configuration list for PBXProject "remind-me-app" */ = {
			isa = XCConfigurationList;
			buildConfigurations = (
				72BED5A41BDD5C76008C185B /* Debug */,
				72BED5A51BDD5C76008C185B /* Release */,
			);
			defaultConfigurationIsVisible = 0;
			defaultConfigurationName = Release;
		};
		72BED5A61BDD5C76008C185B /* Build configuration list for PBXNativeTarget "remind-me-app" */ = {
			isa = XCConfigurationList;
			buildConfigurations = (
				72BED5A71BDD5C76008C185B /* Debug */,
				72BED5A81BDD5C76008C185B /* Release */,
			);
			defaultConfigurationIsVisible = 0;
			defaultConfigurationName = Release;
		};
		72BED5A91BDD5C76008C185B /* Build configuration list for PBXNativeTarget "remind-me-appTests" */ = {
			isa = XCConfigurationList;
			buildConfigurations = (
				72BED5AA1BDD5C76008C185B /* Debug */,
				72BED5AB1BDD5C76008C185B /* Release */,
			);
			defaultConfigurationIsVisible = 0;
			defaultConfigurationName = Release;
		};
		72BED5AC1BDD5C76008C185B /* Build configuration list for PBXNativeTarget "remind-me-appUITests" */ = {
			isa = XCConfigurationList;
			buildConfigurations = (
				72BED5AD1BDD5C76008C185B /* Debug */,
				72BED5AE1BDD5C76008C185B /* Release */,
			);
			defaultConfigurationIsVisible = 0;
			defaultConfigurationName = Release;
		};
/* End XCConfigurationList section */
	};
	rootObject = 72BED5761BDD5C75008C185B /* Project object */;
}
